Pintushi\Bundle\MaintenanceBundle\Entity\ServiceBlock:
    attributes:
        id:
            groups: ['Details']
        image:
            groups: ['Details', 'write']
        label:
            groups: ['Details', 'write']
        position:
            groups: ['Details', 'write']
        services:
            groups: ['Details', 'write']
